// !$*UTF8*$!
{
	archiveVersion = 1;
	classes = {
	};
	objectVersion = 46;
	objects = {

/* Begin PBXAggregateTarget section */
		F47CAFD71D91454400CFAB41 /* Documentation */ = {
			isa = PBXAggregateTarget;
			buildConfigurationList = F47CAFDE1D91454400CFAB41 /* Build configuration list for PBXAggregateTarget "Documentation" */;
			buildPhases = (
				F47CAFDF1D91454A00CFAB41 /* ShellScript */,
			);
			dependencies = (
			);
			name = Documentation;
			productName = Documentation;
		};
/* End PBXAggregateTarget section */

/* Begin PBXBuildFile section */
		4A24129923A4E7D600B43215 /* CACDebug.h in Headers */ = {isa = PBXBuildFile; fileRef = 4A24129723A4E7D600B43215 /* CACDebug.h */; };
		4A24129A23A4E7D600B43215 /* CACDebug.m in Sources */ = {isa = PBXBuildFile; fileRef = 4A24129823A4E7D600B43215 /* CACDebug.m */; };
		4A874B6C24AA9000001E648A /* Lame.framework in Copy Dependent Frameworks */ = {isa = PBXBuildFile; fileRef = F4D917DA222C4F3A00D4A594 /* Lame.framework */; settings = {ATTRIBUTES = (CodeSignOnCopy, RemoveHeadersOnCopy, ); }; };
		4A874B6D24AA9002001E648A /* AudioFileTagger.framework in Copy Dependent Frameworks */ = {isa = PBXBuildFile; fileRef = 4AC69CD823A54BF3008E0532 /* AudioFileTagger.framework */; settings = {ATTRIBUTES = (CodeSignOnCopy, RemoveHeadersOnCopy, ); }; };
		4A874B6F24AA90BF001E648A /* TagLib.framework in Frameworks */ = {isa = PBXBuildFile; fileRef = 4A874B6E24AA90B0001E648A /* TagLib.framework */; settings = {ATTRIBUTES = (Weak, ); }; };
		4A874B7224AA9105001E648A /* TagLib.framework in Frameworks */ = {isa = PBXBuildFile; fileRef = 4A874B6E24AA90B0001E648A /* TagLib.framework */; };
		4A874B7324AA9108001E648A /* Lame.framework in Frameworks */ = {isa = PBXBuildFile; fileRef = F4D917DA222C4F3A00D4A594 /* Lame.framework */; };
		4A874B7424AA9114001E648A /* AudioFileTagger.framework in Frameworks */ = {isa = PBXBuildFile; fileRef = 4AC69CD823A54BF3008E0532 /* AudioFileTagger.framework */; };
		4A874B7524AA912A001E648A /* TagLib.framework in Copy Dependent Frameworks */ = {isa = PBXBuildFile; fileRef = 4A874B6E24AA90B0001E648A /* TagLib.framework */; settings = {ATTRIBUTES = (CodeSignOnCopy, RemoveHeadersOnCopy, ); }; };
		4AC69CD923A54BF3008E0532 /* AudioFileTagger.framework in Frameworks */ = {isa = PBXBuildFile; fileRef = 4AC69CD823A54BF3008E0532 /* AudioFileTagger.framework */; settings = {ATTRIBUTES = (Weak, ); }; };
		F40F2A681CA99DE900BDCF2B /* MP3EncondingTests.m in Sources */ = {isa = PBXBuildFile; fileRef = F40F2A671CA99DE900BDCF2B /* MP3EncondingTests.m */; };
		F40F2A761CA99E0B00BDCF2B /* test-cover.jpg in Resources */ = {isa = PBXBuildFile; fileRef = F40F2A6C1CA99E0B00BDCF2B /* test-cover.jpg */; };
		F40F2A771CA99E0B00BDCF2B /* Apple MPEG-4-Audio (AAC).m4a in Resources */ = {isa = PBXBuildFile; fileRef = F40F2A6D1CA99E0B00BDCF2B /* Apple MPEG-4-Audio (AAC).m4a */; };
		F40F2A781CA99E0B00BDCF2B /* Apple Lossless.m4a in Resources */ = {isa = PBXBuildFile; fileRef = F40F2A6E1CA99E0B00BDCF2B /* Apple Lossless.m4a */; };
		F40F2A791CA99E0B00BDCF2B /* AIFF 44100 Hz Stereo 16 Bit.aif in Resources */ = {isa = PBXBuildFile; fileRef = F40F2A6F1CA99E0B00BDCF2B /* AIFF 44100 Hz Stereo 16 Bit.aif */; };
		F40F2A7A1CA99E0B00BDCF2B /* AIFF (Linear PCM 24 Bit Big Endian Ganzzahl mit Vorzeichen).aiff in Resources */ = {isa = PBXBuildFile; fileRef = F40F2A701CA99E0B00BDCF2B /* AIFF (Linear PCM 24 Bit Big Endian Ganzzahl mit Vorzeichen).aiff */; };
		F40F2A7B1CA99E0B00BDCF2B /* AIFF (Linear PCM 16 Bit Big Endian Ganzzahl mit Vorzeichen).aiff in Resources */ = {isa = PBXBuildFile; fileRef = F40F2A711CA99E0B00BDCF2B /* AIFF (Linear PCM 16 Bit Big Endian Ganzzahl mit Vorzeichen).aiff */; };
		F40F2A7C1CA99E0B00BDCF2B /* AIFF (Linear PCM 8 Bit Ganzzahl mit Vorzeichen).aiff in Resources */ = {isa = PBXBuildFile; fileRef = F40F2A721CA99E0B00BDCF2B /* AIFF (Linear PCM 8 Bit Ganzzahl mit Vorzeichen).aiff */; };
		F40F2A7D1CA99E0B00BDCF2B /* about.rtf in Resources */ = {isa = PBXBuildFile; fileRef = F40F2A731CA99E0B00BDCF2B /* about.rtf */; };
		F40F2A7E1CA99E0B00BDCF2B /* AAC 44.100 Hz Stereo 320 kbits:s.m4a in Resources */ = {isa = PBXBuildFile; fileRef = F40F2A741CA99E0B00BDCF2B /* AAC 44.100 Hz Stereo 320 kbits:s.m4a */; };
		F40F2A7F1CA99E0B00BDCF2B /* AAC 44.100 Hz Stereo 80 kbits:s (HE).m4a in Resources */ = {isa = PBXBuildFile; fileRef = F40F2A751CA99E0B00BDCF2B /* AAC 44.100 Hz Stereo 80 kbits:s (HE).m4a */; };
		F44BC1311D7986B4008D9CF1 /* NSFileManager+FileAccess.h in Headers */ = {isa = PBXBuildFile; fileRef = F44BC12F1D7986B4008D9CF1 /* NSFileManager+FileAccess.h */; };
		F44BC1321D7986B4008D9CF1 /* NSFileManager+FileAccess.m in Sources */ = {isa = PBXBuildFile; fileRef = F44BC1301D7986B4008D9CF1 /* NSFileManager+FileAccess.m */; };
		F45155561D5F6E9200B6FDEF /* EncoderTask.h in Headers */ = {isa = PBXBuildFile; fileRef = F45155541D5F6E9200B6FDEF /* EncoderTask.h */; settings = {ATTRIBUTES = (Public, ); }; };
		F45155571D5F6E9200B6FDEF /* EncoderTask.m in Sources */ = {isa = PBXBuildFile; fileRef = F45155551D5F6E9200B6FDEF /* EncoderTask.m */; };
		F4727BA71D478EA200B15C13 /* MP3Encoder.m in Sources */ = {isa = PBXBuildFile; fileRef = F4727BA51D478EA200B15C13 /* MP3Encoder.m */; };
		F4727BA81D478EA200B15C13 /* MP3Encoder.h in Headers */ = {isa = PBXBuildFile; fileRef = F4727BA61D478EA200B15C13 /* MP3Encoder.h */; settings = {ATTRIBUTES = (Public, ); }; };
		F474F08E1D55154E007BF84D /* NSError+Exceptions.h in Headers */ = {isa = PBXBuildFile; fileRef = F474F08C1D55154E007BF84D /* NSError+Exceptions.h */; };
		F474F08F1D55154E007BF84D /* NSError+Exceptions.m in Sources */ = {isa = PBXBuildFile; fileRef = F474F08D1D55154E007BF84D /* NSError+Exceptions.m */; };
		F47CAFE71D9154BA00CFAB41 /* MP3EncoderDelegateProtocol.h in Headers */ = {isa = PBXBuildFile; fileRef = F47CAFE51D9154BA00CFAB41 /* MP3EncoderDelegateProtocol.h */; settings = {ATTRIBUTES = (Public, ); }; };
		F49DF7DC1BAF8D63003A7C41 /* CoreAudioConverter.h in Headers */ = {isa = PBXBuildFile; fileRef = F49DF7DB1BAF8D63003A7C41 /* CoreAudioConverter.h */; settings = {ATTRIBUTES = (Public, ); }; };
		F49DF8051BAF93DB003A7C41 /* CircularBuffer.h in Headers */ = {isa = PBXBuildFile; fileRef = F49DF8011BAF93DB003A7C41 /* CircularBuffer.h */; };
		F49DF8061BAF93DB003A7C41 /* CircularBuffer.m in Sources */ = {isa = PBXBuildFile; fileRef = F49DF8021BAF93DB003A7C41 /* CircularBuffer.m */; };
		F49DF8091BAF93ED003A7C41 /* CADecoder.h in Headers */ = {isa = PBXBuildFile; fileRef = F49DF8071BAF93ED003A7C41 /* CADecoder.h */; settings = {ATTRIBUTES = (Public, ); }; };
		F49DF80A1BAF93ED003A7C41 /* CADecoder.m in Sources */ = {isa = PBXBuildFile; fileRef = F49DF8081BAF93ED003A7C41 /* CADecoder.m */; };
		F4CE0C621D5C6FF3009360C6 /* CoreAudioConverter.framework in Frameworks */ = {isa = PBXBuildFile; fileRef = F49DF7D81BAF8D63003A7C41 /* CoreAudioConverter.framework */; };
		F4CE0C711D5C7AB7009360C6 /* WAV Microsoft (Signed 16 bit PCM).wav in Resources */ = {isa = PBXBuildFile; fileRef = F4CE0C701D5C7AB7009360C6 /* WAV Microsoft (Signed 16 bit PCM).wav */; };
		F4CE0C741D5C7D55009360C6 /* wrong_data.m4a in Resources */ = {isa = PBXBuildFile; fileRef = F4CE0C721D5C7D55009360C6 /* wrong_data.m4a */; };
		F4CE0C751D5C7D55009360C6 /* wrong_filetype.wma in Resources */ = {isa = PBXBuildFile; fileRef = F4CE0C731D5C7D55009360C6 /* wrong_filetype.wma */; };
		F4D917DB222C4F3A00D4A594 /* Lame.framework in Frameworks */ = {isa = PBXBuildFile; fileRef = F4D917DA222C4F3A00D4A594 /* Lame.framework */; settings = {ATTRIBUTES = (Weak, ); }; };
		F4D917E1222D641500D4A594 /* CACError.h in Headers */ = {isa = PBXBuildFile; fileRef = F4D917DF222D641500D4A594 /* CACError.h */; };
		F4D917E2222D641500D4A594 /* CACError.m in Sources */ = {isa = PBXBuildFile; fileRef = F4D917E0222D641500D4A594 /* CACError.m */; };
/* End PBXBuildFile section */

/* Begin PBXContainerItemProxy section */
		F408FEE61D52704000440412 /* PBXContainerItemProxy */ = {
			isa = PBXContainerItemProxy;
			containerPortal = F49DF7CF1BAF8D63003A7C41 /* Project object */;
			proxyType = 1;
			remoteGlobalIDString = F49DF7D71BAF8D63003A7C41;
			remoteInfo = CoreAudioConverter;
		};
/* End PBXContainerItemProxy section */

/* Begin PBXCopyFilesBuildPhase section */
		4A874B6B24AA8F3B001E648A /* Copy Dependent Frameworks */ = {
			isa = PBXCopyFilesBuildPhase;
			buildActionMask = 2147483647;
			dstPath = "";
			dstSubfolderSpec = 10;
			files = (
				4A874B6C24AA9000001E648A /* Lame.framework in Copy Dependent Frameworks */,
				4A874B6D24AA9002001E648A /* AudioFileTagger.framework in Copy Dependent Frameworks */,
				4A874B7524AA912A001E648A /* TagLib.framework in Copy Dependent Frameworks */,
			);
			name = "Copy Dependent Frameworks";
			runOnlyForDeploymentPostprocessing = 0;
		};
/* End PBXCopyFilesBuildPhase section */

/* Begin PBXFileReference section */
		4A24129723A4E7D600B43215 /* CACDebug.h */ = {isa = PBXFileReference; lastKnownFileType = sourcecode.c.h; name = CACDebug.h; path = Utility/CACDebug.h; sourceTree = "<group>"; };
		4A24129823A4E7D600B43215 /* CACDebug.m */ = {isa = PBXFileReference; lastKnownFileType = sourcecode.c.objc; path = CACDebug.m; sourceTree = "<group>"; };
		4A24129C23A4F73000B43215 /* .bartycrouch.toml */ = {isa = PBXFileReference; lastKnownFileType = text; path = .bartycrouch.toml; sourceTree = "<group>"; };
		4A874B6E24AA90B0001E648A /* TagLib.framework */ = {isa = PBXFileReference; lastKnownFileType = wrapper.framework; name = TagLib.framework; path = Carthage/Build/Mac/TagLib.framework; sourceTree = "<group>"; };
		4AC69CD023A53F12008E0532 /* Cartfile */ = {isa = PBXFileReference; lastKnownFileType = text; path = Cartfile; sourceTree = "<group>"; };
		4AC69CD823A54BF3008E0532 /* AudioFileTagger.framework */ = {isa = PBXFileReference; lastKnownFileType = wrapper.framework; name = AudioFileTagger.framework; path = Carthage/Build/Mac/AudioFileTagger.framework; sourceTree = "<group>"; };
		F40F2A671CA99DE900BDCF2B /* MP3EncondingTests.m */ = {isa = PBXFileReference; fileEncoding = 4; lastKnownFileType = sourcecode.c.objc; path = MP3EncondingTests.m; sourceTree = "<group>"; };
		F40F2A6C1CA99E0B00BDCF2B /* test-cover.jpg */ = {isa = PBXFileReference; lastKnownFileType = image.jpeg; name = "test-cover.jpg"; path = "test-files/test-cover.jpg"; sourceTree = "<group>"; };
		F40F2A6D1CA99E0B00BDCF2B /* Apple MPEG-4-Audio (AAC).m4a */ = {isa = PBXFileReference; lastKnownFileType = file; name = "Apple MPEG-4-Audio (AAC).m4a"; path = "test-files/Apple MPEG-4-Audio (AAC).m4a"; sourceTree = "<group>"; };
		F40F2A6E1CA99E0B00BDCF2B /* Apple Lossless.m4a */ = {isa = PBXFileReference; lastKnownFileType = file; name = "Apple Lossless.m4a"; path = "test-files/Apple Lossless.m4a"; sourceTree = "<group>"; };
		F40F2A6F1CA99E0B00BDCF2B /* AIFF 44100 Hz Stereo 16 Bit.aif */ = {isa = PBXFileReference; lastKnownFileType = file; name = "AIFF 44100 Hz Stereo 16 Bit.aif"; path = "test-files/AIFF 44100 Hz Stereo 16 Bit.aif"; sourceTree = "<group>"; };
		F40F2A701CA99E0B00BDCF2B /* AIFF (Linear PCM 24 Bit Big Endian Ganzzahl mit Vorzeichen).aiff */ = {isa = PBXFileReference; lastKnownFileType = audio.aiff; name = "AIFF (Linear PCM 24 Bit Big Endian Ganzzahl mit Vorzeichen).aiff"; path = "test-files/AIFF (Linear PCM 24 Bit Big Endian Ganzzahl mit Vorzeichen).aiff"; sourceTree = "<group>"; };
		F40F2A711CA99E0B00BDCF2B /* AIFF (Linear PCM 16 Bit Big Endian Ganzzahl mit Vorzeichen).aiff */ = {isa = PBXFileReference; lastKnownFileType = audio.aiff; name = "AIFF (Linear PCM 16 Bit Big Endian Ganzzahl mit Vorzeichen).aiff"; path = "test-files/AIFF (Linear PCM 16 Bit Big Endian Ganzzahl mit Vorzeichen).aiff"; sourceTree = "<group>"; };
		F40F2A721CA99E0B00BDCF2B /* AIFF (Linear PCM 8 Bit Ganzzahl mit Vorzeichen).aiff */ = {isa = PBXFileReference; lastKnownFileType = audio.aiff; name = "AIFF (Linear PCM 8 Bit Ganzzahl mit Vorzeichen).aiff"; path = "test-files/AIFF (Linear PCM 8 Bit Ganzzahl mit Vorzeichen).aiff"; sourceTree = "<group>"; };
		F40F2A731CA99E0B00BDCF2B /* about.rtf */ = {isa = PBXFileReference; fileEncoding = 4; lastKnownFileType = text.rtf; name = about.rtf; path = "test-files/about.rtf"; sourceTree = "<group>"; };
		F40F2A741CA99E0B00BDCF2B /* AAC 44.100 Hz Stereo 320 kbits:s.m4a */ = {isa = PBXFileReference; lastKnownFileType = file; name = "AAC 44.100 Hz Stereo 320 kbits:s.m4a"; path = "test-files/AAC 44.100 Hz Stereo 320 kbits:s.m4a"; sourceTree = "<group>"; };
		F40F2A751CA99E0B00BDCF2B /* AAC 44.100 Hz Stereo 80 kbits:s (HE).m4a */ = {isa = PBXFileReference; lastKnownFileType = file; name = "AAC 44.100 Hz Stereo 80 kbits:s (HE).m4a"; path = "test-files/AAC 44.100 Hz Stereo 80 kbits:s (HE).m4a"; sourceTree = "<group>"; };
		F44BC12F1D7986B4008D9CF1 /* NSFileManager+FileAccess.h */ = {isa = PBXFileReference; fileEncoding = 4; lastKnownFileType = sourcecode.c.h; name = "NSFileManager+FileAccess.h"; path = "Categories/NSFileManager+FileAccess.h"; sourceTree = "<group>"; };
		F44BC1301D7986B4008D9CF1 /* NSFileManager+FileAccess.m */ = {isa = PBXFileReference; fileEncoding = 4; lastKnownFileType = sourcecode.c.objc; name = "NSFileManager+FileAccess.m"; path = "Categories/NSFileManager+FileAccess.m"; sourceTree = "<group>"; };
		F45155541D5F6E9200B6FDEF /* EncoderTask.h */ = {isa = PBXFileReference; fileEncoding = 4; lastKnownFileType = sourcecode.c.h; path = EncoderTask.h; sourceTree = "<group>"; };
		F45155551D5F6E9200B6FDEF /* EncoderTask.m */ = {isa = PBXFileReference; fileEncoding = 4; lastKnownFileType = sourcecode.c.objc; path = EncoderTask.m; sourceTree = "<group>"; };
		F4727BA51D478EA200B15C13 /* MP3Encoder.m */ = {isa = PBXFileReference; fileEncoding = 4; lastKnownFileType = sourcecode.c.objc; path = MP3Encoder.m; sourceTree = "<group>"; };
		F4727BA61D478EA200B15C13 /* MP3Encoder.h */ = {isa = PBXFileReference; fileEncoding = 4; lastKnownFileType = sourcecode.c.h; path = MP3Encoder.h; sourceTree = "<group>"; };
		F474F08C1D55154E007BF84D /* NSError+Exceptions.h */ = {isa = PBXFileReference; fileEncoding = 4; lastKnownFileType = sourcecode.c.h; name = "NSError+Exceptions.h"; path = "Categories/NSError+Exceptions.h"; sourceTree = "<group>"; };
		F474F08D1D55154E007BF84D /* NSError+Exceptions.m */ = {isa = PBXFileReference; fileEncoding = 4; lastKnownFileType = sourcecode.c.objc; name = "NSError+Exceptions.m"; path = "Categories/NSError+Exceptions.m"; sourceTree = "<group>"; };
		F478E19C1C7D249C00670966 /* fr */ = {isa = PBXFileReference; lastKnownFileType = text.plist.strings; name = fr; path = CoreAudioConverter/fr.lproj/Localizable.strings; sourceTree = "<group>"; };
		F478E19F1C7D249C00670966 /* en */ = {isa = PBXFileReference; lastKnownFileType = text.plist.strings; name = en; path = CoreAudioConverter/en.lproj/Localizable.strings; sourceTree = "<group>"; };
		F478E1A11C7D249C00670966 /* de */ = {isa = PBXFileReference; lastKnownFileType = text.plist.strings; name = de; path = CoreAudioConverter/de.lproj/Localizable.strings; sourceTree = "<group>"; };
		F478E1A51C7D24B100670966 /* Base */ = {isa = PBXFileReference; lastKnownFileType = text.plist.strings; name = Base; path = CoreAudioConverter/Base.lproj/Localizable.strings; sourceTree = "<group>"; };
		F478E1AB1C7D2E8D00670966 /* CoreAudioConverterTests.xctest */ = {isa = PBXFileReference; explicitFileType = wrapper.cfbundle; includeInIndex = 0; path = CoreAudioConverterTests.xctest; sourceTree = BUILT_PRODUCTS_DIR; };
		F478E1AF1C7D2E8D00670966 /* Info.plist */ = {isa = PBXFileReference; lastKnownFileType = text.plist.xml; path = Info.plist; sourceTree = "<group>"; };
		F47BC41A1DAC468B003DD71F /* README.md */ = {isa = PBXFileReference; fileEncoding = 4; lastKnownFileType = net.daringfireball.markdown; path = README.md; sourceTree = SOURCE_ROOT; };
		F47BC41E1DAC4CCB003DD71F /* LICENSE */ = {isa = PBXFileReference; explicitFileType = text; fileEncoding = 4; path = LICENSE; sourceTree = SOURCE_ROOT; };
		F47CAFE51D9154BA00CFAB41 /* MP3EncoderDelegateProtocol.h */ = {isa = PBXFileReference; fileEncoding = 4; lastKnownFileType = sourcecode.c.h; path = MP3EncoderDelegateProtocol.h; sourceTree = "<group>"; };
		F49DF7D81BAF8D63003A7C41 /* CoreAudioConverter.framework */ = {isa = PBXFileReference; explicitFileType = wrapper.framework; includeInIndex = 0; path = CoreAudioConverter.framework; sourceTree = BUILT_PRODUCTS_DIR; };
		F49DF7DB1BAF8D63003A7C41 /* CoreAudioConverter.h */ = {isa = PBXFileReference; fileEncoding = 4; lastKnownFileType = sourcecode.c.h; path = CoreAudioConverter.h; sourceTree = "<group>"; };
		F49DF7DD1BAF8D63003A7C41 /* Info.plist */ = {isa = PBXFileReference; fileEncoding = 4; lastKnownFileType = text.plist.xml; path = Info.plist; sourceTree = "<group>"; };
		F49DF8011BAF93DB003A7C41 /* CircularBuffer.h */ = {isa = PBXFileReference; fileEncoding = 4; lastKnownFileType = sourcecode.c.h; path = CircularBuffer.h; sourceTree = "<group>"; };
		F49DF8021BAF93DB003A7C41 /* CircularBuffer.m */ = {isa = PBXFileReference; fileEncoding = 4; lastKnownFileType = sourcecode.c.objc; path = CircularBuffer.m; sourceTree = "<group>"; };
		F49DF8071BAF93ED003A7C41 /* CADecoder.h */ = {isa = PBXFileReference; fileEncoding = 4; lastKnownFileType = sourcecode.c.h; path = CADecoder.h; sourceTree = "<group>"; };
		F49DF8081BAF93ED003A7C41 /* CADecoder.m */ = {isa = PBXFileReference; fileEncoding = 4; lastKnownFileType = sourcecode.c.objc; path = CADecoder.m; sourceTree = "<group>"; };
		F4CE0C701D5C7AB7009360C6 /* WAV Microsoft (Signed 16 bit PCM).wav */ = {isa = PBXFileReference; lastKnownFileType = audio.wav; name = "WAV Microsoft (Signed 16 bit PCM).wav"; path = "test-files/WAV Microsoft (Signed 16 bit PCM).wav"; sourceTree = "<group>"; };
		F4CE0C721D5C7D55009360C6 /* wrong_data.m4a */ = {isa = PBXFileReference; fileEncoding = 4; lastKnownFileType = text; name = wrong_data.m4a; path = "test-files/wrong_data.m4a"; sourceTree = "<group>"; };
		F4CE0C731D5C7D55009360C6 /* wrong_filetype.wma */ = {isa = PBXFileReference; fileEncoding = 4; lastKnownFileType = text; name = wrong_filetype.wma; path = "test-files/wrong_filetype.wma"; sourceTree = "<group>"; };
		F4D917DA222C4F3A00D4A594 /* Lame.framework */ = {isa = PBXFileReference; lastKnownFileType = wrapper.framework; name = Lame.framework; path = Carthage/Build/Mac/Lame.framework; sourceTree = "<group>"; };
		F4D917DC222C508700D4A594 /* .gitignore */ = {isa = PBXFileReference; fileEncoding = 4; lastKnownFileType = text; path = .gitignore; sourceTree = "<group>"; };
		F4D917DF222D641500D4A594 /* CACError.h */ = {isa = PBXFileReference; lastKnownFileType = sourcecode.c.h; path = CACError.h; sourceTree = "<group>"; };
		F4D917E0222D641500D4A594 /* CACError.m */ = {isa = PBXFileReference; lastKnownFileType = sourcecode.c.objc; path = CACError.m; sourceTree = "<group>"; };
		F4ED6AC41D8F83AC001DB076 /* CoreAudioConverter.profdata */ = {isa = PBXFileReference; lastKnownFileType = file; path = CoreAudioConverter.profdata; sourceTree = "<group>"; };
/* End PBXFileReference section */

/* Begin PBXFrameworksBuildPhase section */
		F478E1A81C7D2E8D00670966 /* Frameworks */ = {
			isa = PBXFrameworksBuildPhase;
			buildActionMask = 2147483647;
			files = (
				F4CE0C621D5C6FF3009360C6 /* CoreAudioConverter.framework in Frameworks */,
				4A874B7324AA9108001E648A /* Lame.framework in Frameworks */,
				4A874B7424AA9114001E648A /* AudioFileTagger.framework in Frameworks */,
				4A874B7224AA9105001E648A /* TagLib.framework in Frameworks */,
			);
			runOnlyForDeploymentPostprocessing = 0;
		};
		F49DF7D41BAF8D63003A7C41 /* Frameworks */ = {
			isa = PBXFrameworksBuildPhase;
			buildActionMask = 2147483647;
			files = (
				F4D917DB222C4F3A00D4A594 /* Lame.framework in Frameworks */,
				4A874B6F24AA90BF001E648A /* TagLib.framework in Frameworks */,
				4AC69CD923A54BF3008E0532 /* AudioFileTagger.framework in Frameworks */,
			);
			runOnlyForDeploymentPostprocessing = 0;
		};
/* End PBXFrameworksBuildPhase section */

/* Begin PBXGroup section */
		F40F2A6B1CA99DFF00BDCF2B /* test-files */ = {
			isa = PBXGroup;
			children = (
				F4CE0C721D5C7D55009360C6 /* wrong_data.m4a */,
				F4CE0C731D5C7D55009360C6 /* wrong_filetype.wma */,
				F4CE0C701D5C7AB7009360C6 /* WAV Microsoft (Signed 16 bit PCM).wav */,
				F40F2A6C1CA99E0B00BDCF2B /* test-cover.jpg */,
				F40F2A6D1CA99E0B00BDCF2B /* Apple MPEG-4-Audio (AAC).m4a */,
				F40F2A6E1CA99E0B00BDCF2B /* Apple Lossless.m4a */,
				F40F2A6F1CA99E0B00BDCF2B /* AIFF 44100 Hz Stereo 16 Bit.aif */,
				F40F2A701CA99E0B00BDCF2B /* AIFF (Linear PCM 24 Bit Big Endian Ganzzahl mit Vorzeichen).aiff */,
				F40F2A711CA99E0B00BDCF2B /* AIFF (Linear PCM 16 Bit Big Endian Ganzzahl mit Vorzeichen).aiff */,
				F40F2A721CA99E0B00BDCF2B /* AIFF (Linear PCM 8 Bit Ganzzahl mit Vorzeichen).aiff */,
				F40F2A731CA99E0B00BDCF2B /* about.rtf */,
				F40F2A741CA99E0B00BDCF2B /* AAC 44.100 Hz Stereo 320 kbits:s.m4a */,
				F40F2A751CA99E0B00BDCF2B /* AAC 44.100 Hz Stereo 80 kbits:s (HE).m4a */,
			);
			name = "test-files";
			sourceTree = "<group>";
		};
		F474F0901D5516CE007BF84D /* Categories */ = {
			isa = PBXGroup;
			children = (
				F474F08C1D55154E007BF84D /* NSError+Exceptions.h */,
				F474F08D1D55154E007BF84D /* NSError+Exceptions.m */,
				F44BC12F1D7986B4008D9CF1 /* NSFileManager+FileAccess.h */,
				F44BC1301D7986B4008D9CF1 /* NSFileManager+FileAccess.m */,
			);
			name = Categories;
			sourceTree = "<group>";
		};
		F478E1991C7D09E100670966 /* OptimizationProfiles */ = {
			isa = PBXGroup;
			children = (
				F4ED6AC41D8F83AC001DB076 /* CoreAudioConverter.profdata */,
			);
			path = OptimizationProfiles;
			sourceTree = "<group>";
		};
		F478E1AC1C7D2E8D00670966 /* Integration Test */ = {
			isa = PBXGroup;
			children = (
				F40F2A6B1CA99DFF00BDCF2B /* test-files */,
				F478E1AF1C7D2E8D00670966 /* Info.plist */,
				F40F2A671CA99DE900BDCF2B /* MP3EncondingTests.m */,
			);
			path = "Integration Test";
			sourceTree = "<group>";
		};
		F49DF7CE1BAF8D63003A7C41 = {
			isa = PBXGroup;
			children = (
				F49DF7DA1BAF8D63003A7C41 /* CoreAudioConverter */,
				F478E1AC1C7D2E8D00670966 /* Integration Test */,
				F49DF7D91BAF8D63003A7C41 /* Products */,
				F478E1991C7D09E100670966 /* OptimizationProfiles */,
				F4ED6ABD1D8F819B001DB076 /* Frameworks */,
				F47BC41E1DAC4CCB003DD71F /* LICENSE */,
				4AC69CD023A53F12008E0532 /* Cartfile */,
				F47BC41A1DAC468B003DD71F /* README.md */,
				4A24129C23A4F73000B43215 /* .bartycrouch.toml */,
				F4D917DC222C508700D4A594 /* .gitignore */,
			);
			sourceTree = "<group>";
		};
		F49DF7D91BAF8D63003A7C41 /* Products */ = {
			isa = PBXGroup;
			children = (
				F49DF7D81BAF8D63003A7C41 /* CoreAudioConverter.framework */,
				F478E1AB1C7D2E8D00670966 /* CoreAudioConverterTests.xctest */,
			);
			name = Products;
			sourceTree = "<group>";
		};
		F49DF7DA1BAF8D63003A7C41 /* CoreAudioConverter */ = {
			isa = PBXGroup;
			children = (
				F49DF7DB1BAF8D63003A7C41 /* CoreAudioConverter.h */,
				F49DF7F91BAF8F35003A7C41 /* Encode */,
				F49DF7F71BAF8F17003A7C41 /* Decode */,
				F49DF7F81BAF8F25003A7C41 /* Utility */,
				F474F0901D5516CE007BF84D /* Categories */,
				F4D917DD222D570F00D4A594 /* Other */,
				F478E19B1C7D249C00670966 /* Localizable.strings */,
				F49DF7DD1BAF8D63003A7C41 /* Info.plist */,
			);
			path = CoreAudioConverter;
			sourceTree = "<group>";
		};
		F49DF7F71BAF8F17003A7C41 /* Decode */ = {
			isa = PBXGroup;
			children = (
				F49DF8071BAF93ED003A7C41 /* CADecoder.h */,
				F49DF8081BAF93ED003A7C41 /* CADecoder.m */,
			);
			path = Decode;
			sourceTree = "<group>";
		};
		F49DF7F81BAF8F25003A7C41 /* Utility */ = {
			isa = PBXGroup;
			children = (
				F49DF8011BAF93DB003A7C41 /* CircularBuffer.h */,
				F49DF8021BAF93DB003A7C41 /* CircularBuffer.m */,
			);
			path = Utility;
			sourceTree = "<group>";
		};
		F49DF7F91BAF8F35003A7C41 /* Encode */ = {
			isa = PBXGroup;
			children = (
				F4727BA61D478EA200B15C13 /* MP3Encoder.h */,
				F4727BA51D478EA200B15C13 /* MP3Encoder.m */,
				F47CAFE51D9154BA00CFAB41 /* MP3EncoderDelegateProtocol.h */,
				F45155541D5F6E9200B6FDEF /* EncoderTask.h */,
				F45155551D5F6E9200B6FDEF /* EncoderTask.m */,
			);
			path = Encode;
			sourceTree = "<group>";
		};
		F4D917DD222D570F00D4A594 /* Other */ = {
			isa = PBXGroup;
			children = (
				4A24129723A4E7D600B43215 /* CACDebug.h */,
				4A24129823A4E7D600B43215 /* CACDebug.m */,
				F4D917DF222D641500D4A594 /* CACError.h */,
				F4D917E0222D641500D4A594 /* CACError.m */,
			);
			name = Other;
			sourceTree = "<group>";
		};
		F4ED6ABD1D8F819B001DB076 /* Frameworks */ = {
			isa = PBXGroup;
			children = (
				4A874B6E24AA90B0001E648A /* TagLib.framework */,
				4AC69CD823A54BF3008E0532 /* AudioFileTagger.framework */,
				F4D917DA222C4F3A00D4A594 /* Lame.framework */,
			);
			name = Frameworks;
			sourceTree = "<group>";
		};
/* End PBXGroup section */

/* Begin PBXHeadersBuildPhase section */
		F49DF7D51BAF8D63003A7C41 /* Headers */ = {
			isa = PBXHeadersBuildPhase;
			buildActionMask = 2147483647;
			files = (
				F47CAFE71D9154BA00CFAB41 /* MP3EncoderDelegateProtocol.h in Headers */,
				F45155561D5F6E9200B6FDEF /* EncoderTask.h in Headers */,
				F49DF7DC1BAF8D63003A7C41 /* CoreAudioConverter.h in Headers */,
				4A24129923A4E7D600B43215 /* CACDebug.h in Headers */,
				F49DF8091BAF93ED003A7C41 /* CADecoder.h in Headers */,
				F49DF8051BAF93DB003A7C41 /* CircularBuffer.h in Headers */,
				F4727BA81D478EA200B15C13 /* MP3Encoder.h in Headers */,
				F4D917E1222D641500D4A594 /* CACError.h in Headers */,
				F44BC1311D7986B4008D9CF1 /* NSFileManager+FileAccess.h in Headers */,
				F474F08E1D55154E007BF84D /* NSError+Exceptions.h in Headers */,
			);
			runOnlyForDeploymentPostprocessing = 0;
		};
/* End PBXHeadersBuildPhase section */

/* Begin PBXNativeTarget section */
		F478E1AA1C7D2E8D00670966 /* CoreAudioConverterTests */ = {
			isa = PBXNativeTarget;
			buildConfigurationList = F478E1B31C7D2E8D00670966 /* Build configuration list for PBXNativeTarget "CoreAudioConverterTests" */;
			buildPhases = (
				F478E1A71C7D2E8D00670966 /* Sources */,
				F478E1A81C7D2E8D00670966 /* Frameworks */,
				4A874B6B24AA8F3B001E648A /* Copy Dependent Frameworks */,
				F478E1A91C7D2E8D00670966 /* Resources */,
			);
			buildRules = (
			);
			dependencies = (
				F408FEE71D52704000440412 /* PBXTargetDependency */,
			);
			name = CoreAudioConverterTests;
			productName = CoreAudioConverterTests;
			productReference = F478E1AB1C7D2E8D00670966 /* CoreAudioConverterTests.xctest */;
			productType = "com.apple.product-type.bundle.unit-test";
		};
		F49DF7D71BAF8D63003A7C41 /* CoreAudioConverter macOS */ = {
			isa = PBXNativeTarget;
			buildConfigurationList = F49DF7E01BAF8D63003A7C41 /* Build configuration list for PBXNativeTarget "CoreAudioConverter macOS" */;
			buildPhases = (
				4A24129B23A4F6E200B43215 /* Update Localization */,
				F49DF7D31BAF8D63003A7C41 /* Sources */,
				F49DF7D41BAF8D63003A7C41 /* Frameworks */,
				F49DF7D51BAF8D63003A7C41 /* Headers */,
				F4ED6A981D8F7E61001DB076 /* Increment Build Number */,
			);
			buildRules = (
			);
			dependencies = (
			);
			name = "CoreAudioConverter macOS";
			productName = CoreAudioConverter;
			productReference = F49DF7D81BAF8D63003A7C41 /* CoreAudioConverter.framework */;
			productType = "com.apple.product-type.framework";
		};
/* End PBXNativeTarget section */

/* Begin PBXProject section */
		F49DF7CF1BAF8D63003A7C41 /* Project object */ = {
			isa = PBXProject;
			attributes = {
				LastUpgradeCheck = 1220;
				ORGANIZATIONNAME = "Simon Gaus";
				TargetAttributes = {
					F478E1AA1C7D2E8D00670966 = {
						CreatedOnToolsVersion = 7.2;
					};
					F47CAFD71D91454400CFAB41 = {
						CreatedOnToolsVersion = 8.0;
						DevelopmentTeam = N67G6688LK;
						ProvisioningStyle = Automatic;
					};
					F49DF7D71BAF8D63003A7C41 = {
						CreatedOnToolsVersion = 7.0;
						ProvisioningStyle = Automatic;
					};
				};
			};
			buildConfigurationList = F49DF7D21BAF8D63003A7C41 /* Build configuration list for PBXProject "CoreAudioConverter" */;
			compatibilityVersion = "Xcode 3.2";
			developmentRegion = Germany;
			hasScannedForEncodings = 0;
			knownRegions = (
				Germany,
				de,
				fr,
				en,
				Base,
			);
			mainGroup = F49DF7CE1BAF8D63003A7C41;
			productRefGroup = F49DF7D91BAF8D63003A7C41 /* Products */;
			projectDirPath = "";
			projectRoot = "";
			targets = (
				F49DF7D71BAF8D63003A7C41 /* CoreAudioConverter macOS */,
				F478E1AA1C7D2E8D00670966 /* CoreAudioConverterTests */,
				F47CAFD71D91454400CFAB41 /* Documentation */,
			);
		};
/* End PBXProject section */

/* Begin PBXResourcesBuildPhase section */
		F478E1A91C7D2E8D00670966 /* Resources */ = {
			isa = PBXResourcesBuildPhase;
			buildActionMask = 2147483647;
			files = (
				F4CE0C741D5C7D55009360C6 /* wrong_data.m4a in Resources */,
				F4CE0C751D5C7D55009360C6 /* wrong_filetype.wma in Resources */,
				F40F2A7B1CA99E0B00BDCF2B /* AIFF (Linear PCM 16 Bit Big Endian Ganzzahl mit Vorzeichen).aiff in Resources */,
				F40F2A761CA99E0B00BDCF2B /* test-cover.jpg in Resources */,
				F4CE0C711D5C7AB7009360C6 /* WAV Microsoft (Signed 16 bit PCM).wav in Resources */,
				F40F2A7F1CA99E0B00BDCF2B /* AAC 44.100 Hz Stereo 80 kbits:s (HE).m4a in Resources */,
				F40F2A7C1CA99E0B00BDCF2B /* AIFF (Linear PCM 8 Bit Ganzzahl mit Vorzeichen).aiff in Resources */,
				F40F2A7E1CA99E0B00BDCF2B /* AAC 44.100 Hz Stereo 320 kbits:s.m4a in Resources */,
				F40F2A7A1CA99E0B00BDCF2B /* AIFF (Linear PCM 24 Bit Big Endian Ganzzahl mit Vorzeichen).aiff in Resources */,
				F40F2A771CA99E0B00BDCF2B /* Apple MPEG-4-Audio (AAC).m4a in Resources */,
				F40F2A791CA99E0B00BDCF2B /* AIFF 44100 Hz Stereo 16 Bit.aif in Resources */,
				F40F2A7D1CA99E0B00BDCF2B /* about.rtf in Resources */,
				F40F2A781CA99E0B00BDCF2B /* Apple Lossless.m4a in Resources */,
			);
			runOnlyForDeploymentPostprocessing = 0;
		};
/* End PBXResourcesBuildPhase section */

/* Begin PBXShellScriptBuildPhase section */
		4A24129B23A4F6E200B43215 /* Update Localization */ = {
			isa = PBXShellScriptBuildPhase;
			buildActionMask = 2147483647;
			files = (
			);
			inputFileListPaths = (
			);
			inputPaths = (
			);
			name = "Update Localization";
			outputFileListPaths = (
			);
			outputPaths = (
			);
			runOnlyForDeploymentPostprocessing = 0;
			shellPath = /bin/sh;
			shellScript = "if which bartycrouch > /dev/null; then\nbartycrouch update -x\nbartycrouch lint -x\nelse\necho \"warning: BartyCrouch not installed, download it from https://github.com/Flinesoft/BartyCrouch\"\nfi\n";
		};
		F47CAFDF1D91454A00CFAB41 /* ShellScript */ = {
			isa = PBXShellScriptBuildPhase;
			buildActionMask = 2147483647;
			files = (
			);
			inputPaths = (
			);
			outputPaths = (
			);
			runOnlyForDeploymentPostprocessing = 0;
			shellPath = /bin/sh;
			shellScript = "#appledoc Xcode script\n# Start constants\ntarget=\"macosx\";\noutputPath=\"~/Documents/XCode/Mac Apps/Converter - Projekt/Documentation/CoreAudioConverter\";\n# End constants\n/usr/local/bin/appledoc \\\n--project-name \"${PROJECT_NAME}\" \\\n--output \"${outputPath}\" \\\n--docset-platform-family \"${target}\" \\\n--ignore \".m\" \\\n--index-desc \"~/Documents/XCode/Mac Apps/Converter - Projekt/CoreAudioConverter/README.md\" \\\n--logformat xcode \\\n\"${PROJECT_DIR}\"";
		};
		F4ED6A981D8F7E61001DB076 /* Increment Build Number */ = {
			isa = PBXShellScriptBuildPhase;
			buildActionMask = 2147483647;
			files = (
			);
			inputPaths = (
			);
			name = "Increment Build Number";
			outputPaths = (
			);
			runOnlyForDeploymentPostprocessing = 0;
			shellPath = /bin/bash;
			shellScript = "buildNumber=$(/usr/libexec/PlistBuddy -c \"Print CFBundleVersion\" \"$INFOPLIST_FILE\")\nbuildNumber=$(($buildNumber + 1))\n/usr/libexec/PlistBuddy -c \"Set :CFBundleVersion $buildNumber\" \"$INFOPLIST_FILE\"\n";
		};
/* End PBXShellScriptBuildPhase section */

/* Begin PBXSourcesBuildPhase section */
		F478E1A71C7D2E8D00670966 /* Sources */ = {
			isa = PBXSourcesBuildPhase;
			buildActionMask = 2147483647;
			files = (
				F40F2A681CA99DE900BDCF2B /* MP3EncondingTests.m in Sources */,
			);
			runOnlyForDeploymentPostprocessing = 0;
		};
		F49DF7D31BAF8D63003A7C41 /* Sources */ = {
			isa = PBXSourcesBuildPhase;
			buildActionMask = 2147483647;
			files = (
				F49DF80A1BAF93ED003A7C41 /* CADecoder.m in Sources */,
				F4D917E2222D641500D4A594 /* CACError.m in Sources */,
				F474F08F1D55154E007BF84D /* NSError+Exceptions.m in Sources */,
				F45155571D5F6E9200B6FDEF /* EncoderTask.m in Sources */,
				F49DF8061BAF93DB003A7C41 /* CircularBuffer.m in Sources */,
				F4727BA71D478EA200B15C13 /* MP3Encoder.m in Sources */,
				4A24129A23A4E7D600B43215 /* CACDebug.m in Sources */,
				F44BC1321D7986B4008D9CF1 /* NSFileManager+FileAccess.m in Sources */,
			);
			runOnlyForDeploymentPostprocessing = 0;
		};
/* End PBXSourcesBuildPhase section */

/* Begin PBXTargetDependency section */
		F408FEE71D52704000440412 /* PBXTargetDependency */ = {
			isa = PBXTargetDependency;
			target = F49DF7D71BAF8D63003A7C41 /* CoreAudioConverter macOS */;
			targetProxy = F408FEE61D52704000440412 /* PBXContainerItemProxy */;
		};
/* End PBXTargetDependency section */

/* Begin PBXVariantGroup section */
		F478E19B1C7D249C00670966 /* Localizable.strings */ = {
			isa = PBXVariantGroup;
			children = (
				F478E19C1C7D249C00670966 /* fr */,
				F478E19F1C7D249C00670966 /* en */,
				F478E1A11C7D249C00670966 /* de */,
				F478E1A51C7D24B100670966 /* Base */,
			);
			name = Localizable.strings;
			path = ..;
			sourceTree = "<group>";
		};
/* End PBXVariantGroup section */

/* Begin XCBuildConfiguration section */
		F478E1B41C7D2E8D00670966 /* Debug */ = {
			isa = XCBuildConfiguration;
			buildSettings = {
				CODE_SIGN_IDENTITY = "-";
				COMBINE_HIDPI_IMAGES = YES;
				FRAMEWORK_SEARCH_PATHS = (
					"$(inherited)",
					"$(PROJECT_DIR)/Carthage/Build/Mac",
				);
				INFOPLIST_FILE = "Integration Test/Info.plist";
				LD_RUNPATH_SEARCH_PATHS = "$(inherited) @executable_path/../Frameworks @loader_path/../Frameworks";
				LIBRARY_SEARCH_PATHS = "";
				MACOSX_DEPLOYMENT_TARGET = 10.11;
				PRODUCT_BUNDLE_IDENTIFIER = de.simonsserver.CoreAudioConverterTests;
				PRODUCT_NAME = "$(TARGET_NAME)";
			};
			name = Debug;
		};
		F478E1B51C7D2E8D00670966 /* Release */ = {
			isa = XCBuildConfiguration;
			buildSettings = {
				CODE_SIGN_IDENTITY = "-";
				COMBINE_HIDPI_IMAGES = YES;
				FRAMEWORK_SEARCH_PATHS = (
					"$(inherited)",
					"$(PROJECT_DIR)/Carthage/Build/Mac",
				);
				INFOPLIST_FILE = "Integration Test/Info.plist";
				LD_RUNPATH_SEARCH_PATHS = "$(inherited) @executable_path/../Frameworks @loader_path/../Frameworks";
				LIBRARY_SEARCH_PATHS = "";
				MACOSX_DEPLOYMENT_TARGET = 10.11;
				PRODUCT_BUNDLE_IDENTIFIER = de.simonsserver.CoreAudioConverterTests;
				PRODUCT_NAME = "$(TARGET_NAME)";
			};
			name = Release;
		};
		F47CAFD81D91454400CFAB41 /* Debug */ = {
			isa = XCBuildConfiguration;
			buildSettings = {
				DEVELOPMENT_TEAM = N67G6688LK;
				PRODUCT_NAME = "$(TARGET_NAME)";
			};
			name = Debug;
		};
		F47CAFD91D91454400CFAB41 /* Release */ = {
			isa = XCBuildConfiguration;
			buildSettings = {
				DEVELOPMENT_TEAM = N67G6688LK;
				PRODUCT_NAME = "$(TARGET_NAME)";
			};
			name = Release;
		};
		F49DF7DE1BAF8D63003A7C41 /* Debug */ = {
			isa = XCBuildConfiguration;
			buildSettings = {
				ALWAYS_SEARCH_USER_PATHS = NO;
				CLANG_ANALYZER_LOCALIZABILITY_NONLOCALIZED = YES;
				CLANG_CXX_LANGUAGE_STANDARD = "gnu++0x";
				CLANG_CXX_LIBRARY = "libc++";
				CLANG_ENABLE_MODULES = YES;
				CLANG_ENABLE_OBJC_ARC = YES;
				CLANG_WARN_BLOCK_CAPTURE_AUTORELEASING = YES;
				CLANG_WARN_BOOL_CONVERSION = YES;
				CLANG_WARN_COMMA = YES;
				CLANG_WARN_CONSTANT_CONVERSION = YES;
				CLANG_WARN_DEPRECATED_OBJC_IMPLEMENTATIONS = YES;
				CLANG_WARN_DIRECT_OBJC_ISA_USAGE = YES_ERROR;
				CLANG_WARN_EMPTY_BODY = YES;
				CLANG_WARN_ENUM_CONVERSION = YES;
				CLANG_WARN_INFINITE_RECURSION = YES;
				CLANG_WARN_INT_CONVERSION = YES;
				CLANG_WARN_NON_LITERAL_NULL_CONVERSION = YES;
				CLANG_WARN_OBJC_IMPLICIT_RETAIN_SELF = YES;
				CLANG_WARN_OBJC_LITERAL_CONVERSION = YES;
				CLANG_WARN_OBJC_ROOT_CLASS = YES_ERROR;
				CLANG_WARN_QUOTED_INCLUDE_IN_FRAMEWORK_HEADER = YES;
				CLANG_WARN_RANGE_LOOP_ANALYSIS = YES;
				CLANG_WARN_STRICT_PROTOTYPES = YES;
				CLANG_WARN_SUSPICIOUS_MOVE = YES;
				CLANG_WARN_UNREACHABLE_CODE = YES;
				CLANG_WARN__DUPLICATE_METHOD_MATCH = YES;
				COPY_PHASE_STRIP = NO;
				CURRENT_PROJECT_VERSION = 1;
				DEBUG_INFORMATION_FORMAT = dwarf;
				DEFINES_MODULE = YES;
				ENABLE_STRICT_OBJC_MSGSEND = YES;
				ENABLE_TESTABILITY = YES;
				GCC_C_LANGUAGE_STANDARD = gnu99;
				GCC_DYNAMIC_NO_PIC = NO;
				GCC_NO_COMMON_BLOCKS = YES;
				GCC_OPTIMIZATION_LEVEL = 0;
				GCC_PREPROCESSOR_DEFINITIONS = (
					"DEBUG=1",
					"$(inherited)",
				);
				GCC_WARN_64_TO_32_BIT_CONVERSION = YES;
				GCC_WARN_ABOUT_RETURN_TYPE = YES_ERROR;
				GCC_WARN_UNDECLARED_SELECTOR = YES;
				GCC_WARN_UNINITIALIZED_AUTOS = YES_AGGRESSIVE;
				GCC_WARN_UNUSED_FUNCTION = YES;
				GCC_WARN_UNUSED_VARIABLE = YES;
				MACOSX_DEPLOYMENT_TARGET = 10.10;
				MTL_ENABLE_DEBUG_INFO = YES;
				ONLY_ACTIVE_ARCH = YES;
				SDKROOT = macosx;
				VERSIONING_SYSTEM = "apple-generic";
				VERSION_INFO_PREFIX = "";
			};
			name = Debug;
		};
		F49DF7DF1BAF8D63003A7C41 /* Release */ = {
			isa = XCBuildConfiguration;
			buildSettings = {
				ALWAYS_SEARCH_USER_PATHS = NO;
				CLANG_ANALYZER_LOCALIZABILITY_NONLOCALIZED = YES;
				CLANG_CXX_LANGUAGE_STANDARD = "gnu++0x";
				CLANG_CXX_LIBRARY = "libc++";
				CLANG_ENABLE_MODULES = YES;
				CLANG_ENABLE_OBJC_ARC = YES;
				CLANG_WARN_BLOCK_CAPTURE_AUTORELEASING = YES;
				CLANG_WARN_BOOL_CONVERSION = YES;
				CLANG_WARN_COMMA = YES;
				CLANG_WARN_CONSTANT_CONVERSION = YES;
				CLANG_WARN_DEPRECATED_OBJC_IMPLEMENTATIONS = YES;
				CLANG_WARN_DIRECT_OBJC_ISA_USAGE = YES_ERROR;
				CLANG_WARN_EMPTY_BODY = YES;
				CLANG_WARN_ENUM_CONVERSION = YES;
				CLANG_WARN_INFINITE_RECURSION = YES;
				CLANG_WARN_INT_CONVERSION = YES;
				CLANG_WARN_NON_LITERAL_NULL_CONVERSION = YES;
				CLANG_WARN_OBJC_IMPLICIT_RETAIN_SELF = YES;
				CLANG_WARN_OBJC_LITERAL_CONVERSION = YES;
				CLANG_WARN_OBJC_ROOT_CLASS = YES_ERROR;
				CLANG_WARN_QUOTED_INCLUDE_IN_FRAMEWORK_HEADER = YES;
				CLANG_WARN_RANGE_LOOP_ANALYSIS = YES;
				CLANG_WARN_STRICT_PROTOTYPES = YES;
				CLANG_WARN_SUSPICIOUS_MOVE = YES;
				CLANG_WARN_UNREACHABLE_CODE = YES;
				CLANG_WARN__DUPLICATE_METHOD_MATCH = YES;
				COPY_PHASE_STRIP = NO;
				CURRENT_PROJECT_VERSION = 1;
				DEBUG_INFORMATION_FORMAT = "dwarf-with-dsym";
				DEFINES_MODULE = YES;
				ENABLE_NS_ASSERTIONS = NO;
				ENABLE_STRICT_OBJC_MSGSEND = YES;
				GCC_C_LANGUAGE_STANDARD = gnu99;
				GCC_NO_COMMON_BLOCKS = YES;
				GCC_WARN_64_TO_32_BIT_CONVERSION = YES;
				GCC_WARN_ABOUT_RETURN_TYPE = YES_ERROR;
				GCC_WARN_UNDECLARED_SELECTOR = YES;
				GCC_WARN_UNINITIALIZED_AUTOS = YES_AGGRESSIVE;
				GCC_WARN_UNUSED_FUNCTION = YES;
				GCC_WARN_UNUSED_VARIABLE = YES;
				MACOSX_DEPLOYMENT_TARGET = 10.10;
				MTL_ENABLE_DEBUG_INFO = NO;
				SDKROOT = macosx;
				VERSIONING_SYSTEM = "apple-generic";
				VERSION_INFO_PREFIX = "";
			};
			name = Release;
		};
		F49DF7E11BAF8D63003A7C41 /* Debug */ = {
			isa = XCBuildConfiguration;
			buildSettings = {
				CLANG_USE_OPTIMIZATION_PROFILE = YES;
				CODE_SIGN_IDENTITY = "";
				CODE_SIGN_STYLE = Automatic;
				COMBINE_HIDPI_IMAGES = YES;
				DEFINES_MODULE = YES;
				DEVELOPMENT_TEAM = "";
				DYLIB_COMPATIBILITY_VERSION = 1;
				DYLIB_CURRENT_VERSION = 1;
				DYLIB_INSTALL_NAME_BASE = "@rpath";
				FRAMEWORK_SEARCH_PATHS = (
					"$(inherited)",
					"$(PROJECT_DIR)",
					"$(PROJECT_DIR)/Carthage/Build/Mac",
				);
				FRAMEWORK_VERSION = A;
				GCC_INPUT_FILETYPE = sourcecode.c.objc;
				GCC_OPTIMIZATION_LEVEL = s;
				INFOPLIST_FILE = CoreAudioConverter/Info.plist;
				INSTALL_PATH = "@rpath";
				LD_DYLIB_INSTALL_NAME = "$(DYLIB_INSTALL_NAME_BASE:standardizepath)/$(EXECUTABLE_PATH)";
				LD_RUNPATH_SEARCH_PATHS = "$(inherited) @executable_path/../Frameworks @loader_path/Frameworks";
				LIBRARY_SEARCH_PATHS = (
					"$(inherited)",
					"$(PROJECT_DIR)/CoreAudioConverter",
				);
				LLVM_LTO = YES;
				MACOSX_DEPLOYMENT_TARGET = 10.10;
				MODULEMAP_FILE = "";
				MODULEMAP_PRIVATE_FILE = "";
				PRODUCT_BUNDLE_IDENTIFIER = de.simonsserver.CoreAudioConverter;
				PRODUCT_NAME = CoreAudioConverter;
				PROVISIONING_PROFILE_SPECIFIER = "";
				SKIP_INSTALL = YES;
				USER_HEADER_SEARCH_PATHS = "";
			};
			name = Debug;
		};
		F49DF7E21BAF8D63003A7C41 /* Release */ = {
			isa = XCBuildConfiguration;
			buildSettings = {
				CLANG_USE_OPTIMIZATION_PROFILE = YES;
				CODE_SIGN_IDENTITY = "";
				CODE_SIGN_STYLE = Automatic;
				COMBINE_HIDPI_IMAGES = YES;
				DEFINES_MODULE = YES;
				DEVELOPMENT_TEAM = "";
				DYLIB_COMPATIBILITY_VERSION = 1;
				DYLIB_CURRENT_VERSION = 1;
				DYLIB_INSTALL_NAME_BASE = "@rpath";
				FRAMEWORK_SEARCH_PATHS = (
					"$(inherited)",
					"$(PROJECT_DIR)",
					"$(PROJECT_DIR)/Carthage/Build/Mac",
				);
				FRAMEWORK_VERSION = A;
				GCC_INPUT_FILETYPE = sourcecode.c.objc;
				GCC_OPTIMIZATION_LEVEL = s;
				INFOPLIST_FILE = CoreAudioConverter/Info.plist;
				INSTALL_PATH = "@rpath";
				LD_DYLIB_INSTALL_NAME = "$(DYLIB_INSTALL_NAME_BASE:standardizepath)/$(EXECUTABLE_PATH)";
				LD_RUNPATH_SEARCH_PATHS = "$(inherited) @executable_path/../Frameworks @loader_path/Frameworks";
				LIBRARY_SEARCH_PATHS = (
					"$(inherited)",
					"$(PROJECT_DIR)/CoreAudioConverter",
				);
				LLVM_LTO = YES;
				MACOSX_DEPLOYMENT_TARGET = 10.10;
				MODULEMAP_FILE = "";
				MODULEMAP_PRIVATE_FILE = "";
				PRODUCT_BUNDLE_IDENTIFIER = de.simonsserver.CoreAudioConverter;
				PRODUCT_NAME = CoreAudioConverter;
				PROVISIONING_PROFILE_SPECIFIER = "";
				SKIP_INSTALL = YES;
				USER_HEADER_SEARCH_PATHS = "";
			};
			name = Release;
		};
/* End XCBuildConfiguration section */

/* Begin XCConfigurationList section */
		F478E1B31C7D2E8D00670966 /* Build configuration list for PBXNativeTarget "CoreAudioConverterTests" */ = {
			isa = XCConfigurationList;
			buildConfigurations = (
				F478E1B41C7D2E8D00670966 /* Debug */,
				F478E1B51C7D2E8D00670966 /* Release */,
			);
			defaultConfigurationIsVisible = 0;
			defaultConfigurationName = Release;
		};
		F47CAFDE1D91454400CFAB41 /* Build configuration list for PBXAggregateTarget "Documentation" */ = {
			isa = XCConfigurationList;
			buildConfigurations = (
				F47CAFD81D91454400CFAB41 /* Debug */,
				F47CAFD91D91454400CFAB41 /* Release */,
			);
			defaultConfigurationIsVisible = 0;
			defaultConfigurationName = Release;
		};
		F49DF7D21BAF8D63003A7C41 /* Build configuration list for PBXProject "CoreAudioConverter" */ = {
			isa = XCConfigurationList;
			buildConfigurations = (
				F49DF7DE1BAF8D63003A7C41 /* Debug */,
				F49DF7DF1BAF8D63003A7C41 /* Release */,
			);
			defaultConfigurationIsVisible = 0;
			defaultConfigurationName = Release;
		};
		F49DF7E01BAF8D63003A7C41 /* Build configuration list for PBXNativeTarget "CoreAudioConverter macOS" */ = {
			isa = XCConfigurationList;
			buildConfigurations = (
				F49DF7E11BAF8D63003A7C41 /* Debug */,
				F49DF7E21BAF8D63003A7C41 /* Release */,
			);
			defaultConfigurationIsVisible = 0;
			defaultConfigurationName = Release;
		};
/* End XCConfigurationList section */
	};
	rootObject = F49DF7CF1BAF8D63003A7C41 /* Project object */;
}
